
Microsoft Visual Studio Solution File, Format Version 12.00
# Visual Studio 15
VisualStudioVersion = 15.0.27130.2027
MinimumVisualStudioVersion = 10.0.40219.1
Project("{FAE04EC0-301F-11D3-BF4B-00C04F79EFBC}") = "eManager.Domain", "eManager.Domain\eManager.Domain.csproj", "{20CBD93C-D786-4F2F-BCBB-9117F3667F41}"
EndProject
Project("{FAE04EC0-301F-11D3-BF4B-00C04F79EFBC}") = "eManager.Web", "eManager.Web\eManager.Web.csproj", "{6BB5EE84-6500-4F20-AAB3-722730CA5C91}"
EndProject
Global
	GlobalSection(SolutionConfigurationPlatforms) = preSolution
		Debug|Any CPU = Debug|Any CPU
		Release|Any CPU = Release|Any CPU
	EndGlobalSection
	GlobalSection(ProjectConfigurationPlatforms) = postSolution
		{20CBD93C-D786-4F2F-BCBB-9117F3667F41}.Debug|Any CPU.ActiveCfg = Debug|Any CPU
		{20CBD93C-D786-4F2F-BCBB-9117F3667F41}.Debug|Any CPU.Build.0 = Debug|Any CPU
		{20CBD93C-D786-4F2F-BCBB-9117F3667F41}.Release|Any CPU.ActiveCfg = Release|Any CPU
		{20CBD93C-D786-4F2F-BCBB-9117F3667F41}.Release|Any CPU.Build.0 = Release|Any CPU
		{6BB5EE84-6500-4F20-AAB3-722730CA5C91}.Debug|Any CPU.ActiveCfg = Debug|Any CPU
		{6BB5EE84-6500-4F20-AAB3-722730CA5C91}.Debug|Any CPU.Build.0 = Debug|Any CPU
		{6BB5EE84-6500-4F20-AAB3-722730CA5C91}.Release|Any CPU.ActiveCfg = Release|Any CPU
		{6BB5EE84-6500-4F20-AAB3-722730CA5C91}.Release|Any CPU.Build.0 = Release|Any CPU
	EndGlobalSection
	GlobalSection(SolutionProperties) = preSolution
		HideSolutionNode = FALSE
	EndGlobalSection
	GlobalSection(ExtensibilityGlobals) = postSolution
		SolutionGuid = {47C7AC6D-E3F6-402A-BC65-ABB7696C735E}
	EndGlobalSection
EndGlobal
